
Microsoft Visual Studio Solution File, Format Version 12.00
# Visual Studio Version 17
VisualStudioVersion = 17.11.35303.130
MinimumVisualStudioVersion = 10.0.40219.1
Project("{9A19103F-16F7-4668-BE54-9A1E7A4F7556}") = "Mqtt.API", "Mqtt.API\Mqtt.API.csproj", "{0232D227-4CA3-4728-BC28-7F92074F281E}"
EndProject
Project("{9A19103F-16F7-4668-BE54-9A1E7A4F7556}") = "Mqtt.Services", "Mqtt.Services\Mqtt.Services.csproj", "{BBF9B8B5-404B-4879-9985-93844A8D518D}"
EndProject
Project("{9A19103F-16F7-4668-BE54-9A1E7A4F7556}") = "Mqtt.Models", "Mqtt.Models\Mqtt.Models.csproj", "{FE1413A1-C414-46AB-A70C-22C032D7F826}"
EndProject
Project("{FAE04EC0-301F-11D3-BF4B-00C04F79EFBC}") = "Mqtt.DTO", "Mqtt.DTO\Mqtt.DTO.csproj", "{4822DE43-D26B-46FE-B73E-138E1CC3D7F3}"
EndProject
Global
	GlobalSection(SolutionConfigurationPlatforms) = preSolution
		Debug|Any CPU = Debug|Any CPU
		Release|Any CPU = Release|Any CPU
	EndGlobalSection
	GlobalSection(ProjectConfigurationPlatforms) = postSolution
		{0232D227-4CA3-4728-BC28-7F92074F281E}.Debug|Any CPU.ActiveCfg = Debug|Any CPU
		{0232D227-4CA3-4728-BC28-7F92074F281E}.Debug|Any CPU.Build.0 = Debug|Any CPU
		{0232D227-4CA3-4728-BC28-7F92074F281E}.Release|Any CPU.ActiveCfg = Release|Any CPU
		{0232D227-4CA3-4728-BC28-7F92074F281E}.Release|Any CPU.Build.0 = Release|Any CPU
		{BBF9B8B5-404B-4879-9985-93844A8D518D}.Debug|Any CPU.ActiveCfg = Debug|Any CPU
		{BBF9B8B5-404B-4879-9985-93844A8D518D}.Debug|Any CPU.Build.0 = Debug|Any CPU
		{BBF9B8B5-404B-4879-9985-93844A8D518D}.Release|Any CPU.ActiveCfg = Release|Any CPU
		{BBF9B8B5-404B-4879-9985-93844A8D518D}.Release|Any CPU.Build.0 = Release|Any CPU
		{FE1413A1-C414-46AB-A70C-22C032D7F826}.Debug|Any CPU.ActiveCfg = Debug|Any CPU
		{FE1413A1-C414-46AB-A70C-22C032D7F826}.Debug|Any CPU.Build.0 = Debug|Any CPU
		{FE1413A1-C414-46AB-A70C-22C032D7F826}.Release|Any CPU.ActiveCfg = Release|Any CPU
		{FE1413A1-C414-46AB-A70C-22C032D7F826}.Release|Any CPU.Build.0 = Release|Any CPU
		{4822DE43-D26B-46FE-B73E-138E1CC3D7F3}.Debug|Any CPU.ActiveCfg = Debug|Any CPU
		{4822DE43-D26B-46FE-B73E-138E1CC3D7F3}.Debug|Any CPU.Build.0 = Debug|Any CPU
		{4822DE43-D26B-46FE-B73E-138E1CC3D7F3}.Release|Any CPU.ActiveCfg = Release|Any CPU
		{4822DE43-D26B-46FE-B73E-138E1CC3D7F3}.Release|Any CPU.Build.0 = Release|Any CPU
	EndGlobalSection
	GlobalSection(SolutionProperties) = preSolution
		HideSolutionNode = FALSE
	EndGlobalSection
	GlobalSection(ExtensibilityGlobals) = postSolution
		SolutionGuid = {706F2EA2-5AD9-4E26-8283-CE77D79959A6}
	EndGlobalSection
EndGlobal
